
Microsoft Visual Studio Solution File, Format Version 12.00
# Visual Studio Version 17
VisualStudioVersion = 17.0.32014.148
MinimumVisualStudioVersion = 10.0.40219.1
Project("{9A19103F-16F7-4668-BE54-9A1E7A4F7556}") = "Berger.Extensions.Identity", "Berger.Extensions.Identity\Berger.Extensions.Identity.csproj", "{67A1A142-98E1-4B44-8784-6A9B22339F4D}"
EndProject
Project("{2150E333-8FDC-42A3-9474-1A3956D46DE8}") = "Source", "Source", "{D39B6EE1-47E6-4911-869E-BBADC77A97DB}"
EndProject
Project("{2150E333-8FDC-42A3-9474-1A3956D46DE8}") = "Build", "Build", "{5310E4F0-DCDF-40B3-B4F1-77F38212706F}"
	ProjectSection(SolutionItems) = preProject
		..\build\Berger.Extensions.Identity.yml = ..\build\Berger.Extensions.Identity.yml
	EndProjectSection
EndProject
Project("{9A19103F-16F7-4668-BE54-9A1E7A4F7556}") = "Berger.Extensions.Abstractions", "..\..\Berger.Extensions.Abstractions\src\Berger.Extensions.Abstractions\Berger.Extensions.Abstractions.csproj", "{9EEA9D04-CB53-46BC-B112-90AFECEA7C99}"
EndProject
Project("{2150E333-8FDC-42A3-9474-1A3956D46DE8}") = "Extensions", "Extensions", "{57E57151-63B0-453A-B824-5E0CD365E772}"
EndProject
Project("{9A19103F-16F7-4668-BE54-9A1E7A4F7556}") = "Berger.Extensions.Configuration", "..\..\Berger.Extensions.Configuration\src\Berger.Extensions.Configuration\Berger.Extensions.Configuration.csproj", "{0E36481F-CA71-46BE-82AF-AA158A3233E8}"
EndProject
Project("{9A19103F-16F7-4668-BE54-9A1E7A4F7556}") = "Berger.Extensions.Jwt", "..\..\Berger.Extensions.Jwt\src\Berger.Extensions.Jwt\Berger.Extensions.Jwt.csproj", "{34896739-2203-4B25-B3AC-636F89A05DFE}"
EndProject
Global
	GlobalSection(SolutionConfigurationPlatforms) = preSolution
		Debug|Any CPU = Debug|Any CPU
		Release|Any CPU = Release|Any CPU
	EndGlobalSection
	GlobalSection(ProjectConfigurationPlatforms) = postSolution
		{67A1A142-98E1-4B44-8784-6A9B22339F4D}.Debug|Any CPU.ActiveCfg = Debug|Any CPU
		{67A1A142-98E1-4B44-8784-6A9B22339F4D}.Debug|Any CPU.Build.0 = Debug|Any CPU
		{67A1A142-98E1-4B44-8784-6A9B22339F4D}.Release|Any CPU.ActiveCfg = Release|Any CPU
		{67A1A142-98E1-4B44-8784-6A9B22339F4D}.Release|Any CPU.Build.0 = Release|Any CPU
		{9EEA9D04-CB53-46BC-B112-90AFECEA7C99}.Debug|Any CPU.ActiveCfg = Debug|Any CPU
		{9EEA9D04-CB53-46BC-B112-90AFECEA7C99}.Debug|Any CPU.Build.0 = Debug|Any CPU
		{9EEA9D04-CB53-46BC-B112-90AFECEA7C99}.Release|Any CPU.ActiveCfg = Release|Any CPU
		{9EEA9D04-CB53-46BC-B112-90AFECEA7C99}.Release|Any CPU.Build.0 = Release|Any CPU
		{0E36481F-CA71-46BE-82AF-AA158A3233E8}.Debug|Any CPU.ActiveCfg = Debug|Any CPU
		{0E36481F-CA71-46BE-82AF-AA158A3233E8}.Debug|Any CPU.Build.0 = Debug|Any CPU
		{0E36481F-CA71-46BE-82AF-AA158A3233E8}.Release|Any CPU.ActiveCfg = Release|Any CPU
		{0E36481F-CA71-46BE-82AF-AA158A3233E8}.Release|Any CPU.Build.0 = Release|Any CPU
		{34896739-2203-4B25-B3AC-636F89A05DFE}.Debug|Any CPU.ActiveCfg = Debug|Any CPU
		{34896739-2203-4B25-B3AC-636F89A05DFE}.Debug|Any CPU.Build.0 = Debug|Any CPU
		{34896739-2203-4B25-B3AC-636F89A05DFE}.Release|Any CPU.ActiveCfg = Release|Any CPU
		{34896739-2203-4B25-B3AC-636F89A05DFE}.Release|Any CPU.Build.0 = Release|Any CPU
	EndGlobalSection
	GlobalSection(SolutionProperties) = preSolution
		HideSolutionNode = FALSE
	EndGlobalSection
	GlobalSection(NestedProjects) = preSolution
		{67A1A142-98E1-4B44-8784-6A9B22339F4D} = {D39B6EE1-47E6-4911-869E-BBADC77A97DB}
		{9EEA9D04-CB53-46BC-B112-90AFECEA7C99} = {D39B6EE1-47E6-4911-869E-BBADC77A97DB}
		{0E36481F-CA71-46BE-82AF-AA158A3233E8} = {57E57151-63B0-453A-B824-5E0CD365E772}
		{34896739-2203-4B25-B3AC-636F89A05DFE} = {57E57151-63B0-453A-B824-5E0CD365E772}
	EndGlobalSection
	GlobalSection(ExtensibilityGlobals) = postSolution
		SolutionGuid = {4961BE93-F316-4B63-8144-768113F9C617}
	EndGlobalSection
EndGlobal
